# @generated - this file is auto-generated by `mise lock` https://mise.jdx.dev/dev-tools/mise-lock.html

lockfile_version = 1

[[tools.babashka]]
version = "1.12.200"
backend = "github:babashka/babashka"
specifiers = ["1.12.200"]

[tools.babashka."platforms.linux-arm64"]
checksum = "sha256:99b2bbc469f06a67d8c19c31ff677eeaad5c87f5a92c382268feafbcfa8280b9"
url = "https://github.com/babashka/babashka/releases/download/v1.12.200/babashka-1.12.200-linux-aarch64-static.tar.gz"
url_api = "https://api.github.com/repos/babashka/babashka/releases/assets/249699790"

[tools.babashka."platforms.linux-arm64-musl"]
checksum = "sha256:99b2bbc469f06a67d8c19c31ff677eeaad5c87f5a92c382268feafbcfa8280b9"
url = "https://github.com/babashka/babashka/releases/download/v1.12.200/babashka-1.12.200-linux-aarch64-static.tar.gz"
url_api = "https://api.github.com/repos/babashka/babashka/releases/assets/249699790"

[tools.babashka."platforms.linux-x64"]
checksum = "sha256:c38adba2954b52f2ba410e24c94ef42c3f7285335f253e9f8125c47ae0b4aeae"
url = "https://github.com/babashka/babashka/releases/download/v1.12.200/babashka-1.12.200-linux-amd64.tar.gz"
url_api = "https://api.github.com/repos/babashka/babashka/releases/assets/249699652"

[tools.babashka."platforms.linux-x64-musl"]
checksum = "sha256:c38adba2954b52f2ba410e24c94ef42c3f7285335f253e9f8125c47ae0b4aeae"
url = "https://github.com/babashka/babashka/releases/download/v1.12.200/babashka-1.12.200-linux-amd64.tar.gz"
url_api = "https://api.github.com/repos/babashka/babashka/releases/assets/249699652"

[tools.babashka."platforms.macos-arm64"]
checksum = "sha256:628fd0662a2c3616dd5e88c6c8abbd727fa3d02f043c57238a0cb40036f5e368"
url = "https://github.com/babashka/babashka/releases/download/v1.12.200/babashka-1.12.200-macos-aarch64.tar.gz"
url_api = "https://api.github.com/repos/babashka/babashka/releases/assets/249694883"

[tools.babashka."platforms.macos-x64"]
checksum = "sha256:b4b1d5c96b17f18a2bdd2a74ca2aef380ea6c4d28d39a840e6e9a072bf51090c"
url = "https://github.com/babashka/babashka/releases/download/v1.12.200/babashka-1.12.200-macos-amd64.tar.gz"
url_api = "https://api.github.com/repos/babashka/babashka/releases/assets/249700507"

[tools.babashka."platforms.windows-x64"]
checksum = "sha256:e14212877e6da41cc10f764fd3906d4ce72a44d3611cab2ba31438e16d73a9d8"
url = "https://github.com/babashka/babashka/releases/download/v1.12.200/babashka-1.12.200-windows-amd64.zip"
url_api = "https://api.github.com/repos/babashka/babashka/releases/assets/249695071"

[[tools.bats]]
version = "1.11.1"
backend = "aqua:bats-core/bats-core"
specifiers = ["1.11.1"]

[tools.bats."platforms.linux-arm64"]
url = "https://github.com/bats-core/bats-core/archive/refs/tags/v1.11.1.tar.gz"
url_api = "https://api.github.com/repos/bats-core/bats-core/tarball/v1.11.1"

[tools.bats."platforms.linux-arm64-musl"]
url = "https://github.com/bats-core/bats-core/archive/refs/tags/v1.11.1.tar.gz"
url_api = "https://api.github.com/repos/bats-core/bats-core/tarball/v1.11.1"

[tools.bats."platforms.linux-x64"]
url = "https://github.com/bats-core/bats-core/archive/refs/tags/v1.11.1.tar.gz"
url_api = "https://api.github.com/repos/bats-core/bats-core/tarball/v1.11.1"

[tools.bats."platforms.linux-x64-musl"]
url = "https://github.com/bats-core/bats-core/archive/refs/tags/v1.11.1.tar.gz"
url_api = "https://api.github.com/repos/bats-core/bats-core/tarball/v1.11.1"

[tools.bats."platforms.macos-arm64"]
url = "https://github.com/bats-core/bats-core/archive/refs/tags/v1.11.1.tar.gz"
url_api = "https://api.github.com/repos/bats-core/bats-core/tarball/v1.11.1"

[tools.bats."platforms.macos-x64"]
url = "https://github.com/bats-core/bats-core/archive/refs/tags/v1.11.1.tar.gz"
url_api = "https://api.github.com/repos/bats-core/bats-core/tarball/v1.11.1"

[[tools.circleci-cli]]
version = "1.0.49698"
backend = "aqua:CircleCI-Public/circleci-cli"
specifiers = ["1.0.49698"]

[tools.circleci-cli."platforms.linux-arm64"]
checksum = "sha256:f7b037bb1b4800edcc78ffefe781f0f5c7005dfb9d71ec885380176b35ef6b83"
url = "https://github.com/CircleCI-Public/circleci-cli/releases/download/v1.0.49698/circleci-cli_1.0.49698_linux_arm64.tar.gz"
url_api = "https://api.github.com/repos/CircleCI-Public/circleci-cli/releases/assets/550272468"

[tools.circleci-cli."platforms.linux-arm64-musl"]
checksum = "sha256:f7b037bb1b4800edcc78ffefe781f0f5c7005dfb9d71ec885380176b35ef6b83"
url = "https://github.com/CircleCI-Public/circleci-cli/releases/download/v1.0.49698/circleci-cli_1.0.49698_linux_arm64.tar.gz"
url_api = "https://api.github.com/repos/CircleCI-Public/circleci-cli/releases/assets/550272468"

[tools.circleci-cli."platforms.linux-x64"]
checksum = "sha256:374fe2bf558d6c531d66c649fd2314e20ec4029ba56ff53c83768982a6fe3bdd"
url = "https://github.com/CircleCI-Public/circleci-cli/releases/download/v1.0.49698/circleci-cli_1.0.49698_linux_amd64.tar.gz"
url_api = "https://api.github.com/repos/CircleCI-Public/circleci-cli/releases/assets/550272424"

[tools.circleci-cli."platforms.linux-x64-musl"]
checksum = "sha256:374fe2bf558d6c531d66c649fd2314e20ec4029ba56ff53c83768982a6fe3bdd"
url = "https://github.com/CircleCI-Public/circleci-cli/releases/download/v1.0.49698/circleci-cli_1.0.49698_linux_amd64.tar.gz"
url_api = "https://api.github.com/repos/CircleCI-Public/circleci-cli/releases/assets/550272424"

[tools.circleci-cli."platforms.macos-arm64"]
checksum = "sha256:6892e9478bcd8a8e012c739012c5974e48cdd3009acfd770097102d56b108bf3"
url = "https://github.com/CircleCI-Public/circleci-cli/releases/download/v1.0.49698/circleci-cli_1.0.49698_darwin_arm64.tar.gz"
url_api = "https://api.github.com/repos/CircleCI-Public/circleci-cli/releases/assets/550272423"

[tools.circleci-cli."platforms.macos-x64"]
checksum = "sha256:d71672a9b6efb015202cfd5953987a43c21919e7f5aeef14e998d7b55cede4af"
url = "https://github.com/CircleCI-Public/circleci-cli/releases/download/v1.0.49698/circleci-cli_1.0.49698_darwin_amd64.tar.gz"
url_api = "https://api.github.com/repos/CircleCI-Public/circleci-cli/releases/assets/550272425"

[tools.circleci-cli."platforms.windows-x64"]
checksum = "sha256:41c6b47b4f6d1f36af54550133cd6aed5085f1068bdb76cfbb5c0ca677782948"
url = "https://github.com/CircleCI-Public/circleci-cli/releases/download/v1.0.49698/circleci-cli_1.0.49698_windows_amd64.zip"
url_api = "https://api.github.com/repos/CircleCI-Public/circleci-cli/releases/assets/550272476"

[[tools.java]]
version = "temurin-17.0.15+6"
backend = "core:java"
specifiers = ["temurin-17.0.15+6"]

[tools.java."platforms.linux-arm64"]
checksum = "sha256:0db0d6cbe33238f33aa52837b1dc8fc6067b34d206b3e0f9243c7f8c9b9539a5"
url = "https://github.com/adoptium/temurin17-binaries/releases/download/jdk-17.0.15%2B6/OpenJDK17U-jdk_aarch64_linux_hotspot_17.0.15_6.tar.gz"

[tools.java."platforms.linux-x64"]
checksum = "sha256:9616877c733c9249328ea9bd83a5c8c30e0f9a7af180cac8ffda9034161c2df2"
url = "https://github.com/adoptium/temurin17-binaries/releases/download/jdk-17.0.15%2B6/OpenJDK17U-jdk_x64_linux_hotspot_17.0.15_6.tar.gz"

[tools.java."platforms.linux-x64-musl"]
checksum = "sha256:c596f5c627f84cd801bd7a443cd0743304a6aabb7397e0fdbfad16a9517f7f98"
url = "https://github.com/adoptium/temurin17-binaries/releases/download/jdk-17.0.15%2B6/OpenJDK17U-jdk_x64_alpine-linux_hotspot_17.0.15_6.tar.gz"

[tools.java."platforms.macos-arm64"]
checksum = "sha256:1a2fa2bb9ea059cf2c1ab3e296a98e006fb6fdad2bd19ce52df48794eaa1836a"
url = "https://github.com/adoptium/temurin17-binaries/releases/download/jdk-17.0.15%2B6/OpenJDK17U-jdk_aarch64_mac_hotspot_17.0.15_6.tar.gz"

[tools.java."platforms.macos-x64"]
checksum = "sha256:424d7f758a272718887bd93f4d8b63e560c0797a884e036c4b3dbf5d2cdfa1cd"
url = "https://github.com/adoptium/temurin17-binaries/releases/download/jdk-17.0.15%2B6/OpenJDK17U-jdk_x64_mac_hotspot_17.0.15_6.tar.gz"

[tools.java."platforms.windows-x64"]
checksum = "sha256:118cf8d586ee3200e2d2e6e49717db4fb1a22005700fbf85f06166046ec74863"
url = "https://github.com/adoptium/temurin17-binaries/releases/download/jdk-17.0.15%2B6/OpenJDK17U-jdk_x64_windows_hotspot_17.0.15_6.zip"

[[tools.shellcheck]]
version = "0.10.0"
backend = "aqua:koalaman/shellcheck"
specifiers = ["0.10.0"]

[tools.shellcheck."platforms.linux-arm64"]
url = "https://github.com/koalaman/shellcheck/releases/download/v0.10.0/shellcheck-v0.10.0.linux.aarch64.tar.xz"
url_api = "https://api.github.com/repos/koalaman/shellcheck/releases/assets/155543216"

[tools.shellcheck."platforms.linux-arm64-musl"]
url = "https://github.com/koalaman/shellcheck/releases/download/v0.10.0/shellcheck-v0.10.0.linux.aarch64.tar.xz"
url_api = "https://api.github.com/repos/koalaman/shellcheck/releases/assets/155543216"

[tools.shellcheck."platforms.linux-x64"]
url = "https://github.com/koalaman/shellcheck/releases/download/v0.10.0/shellcheck-v0.10.0.linux.x86_64.tar.xz"
url_api = "https://api.github.com/repos/koalaman/shellcheck/releases/assets/155543215"

[tools.shellcheck."platforms.linux-x64-musl"]
url = "https://github.com/koalaman/shellcheck/releases/download/v0.10.0/shellcheck-v0.10.0.linux.x86_64.tar.xz"
url_api = "https://api.github.com/repos/koalaman/shellcheck/releases/assets/155543215"

[tools.shellcheck."platforms.macos-arm64"]
url = "https://github.com/koalaman/shellcheck/releases/download/v0.10.0/shellcheck-v0.10.0.darwin.aarch64.tar.xz"
url_api = "https://api.github.com/repos/koalaman/shellcheck/releases/assets/155543213"

[tools.shellcheck."platforms.macos-x64"]
url = "https://github.com/koalaman/shellcheck/releases/download/v0.10.0/shellcheck-v0.10.0.darwin.x86_64.tar.xz"
url_api = "https://api.github.com/repos/koalaman/shellcheck/releases/assets/155543214"

[tools.shellcheck."platforms.windows-x64"]
url = "https://github.com/koalaman/shellcheck/releases/download/v0.10.0/shellcheck-v0.10.0.zip"
url_api = "https://api.github.com/repos/koalaman/shellcheck/releases/assets/155543220"

[[tools.shfmt]]
version = "3.11.0"
backend = "aqua:mvdan/sh"
specifiers = ["3.11.0"]

[tools.shfmt."platforms.linux-arm64"]
checksum = "sha256:b3976121710fd4b12bf641b0a7fb2686da598fb0da9f148c641b61b54cfa3407"
url = "https://github.com/mvdan/sh/releases/download/v3.11.0/shfmt_v3.11.0_linux_arm64"
url_api = "https://api.github.com/repos/mvdan/sh/releases/assets/234953236"

[tools.shfmt."platforms.linux-arm64-musl"]
checksum = "sha256:b3976121710fd4b12bf641b0a7fb2686da598fb0da9f148c641b61b54cfa3407"
url = "https://github.com/mvdan/sh/releases/download/v3.11.0/shfmt_v3.11.0_linux_arm64"
url_api = "https://api.github.com/repos/mvdan/sh/releases/assets/234953236"

[tools.shfmt."platforms.linux-x64"]
checksum = "sha256:1904ec6bac715c1d05cd7f6612eec8f67a625c3749cb327e5bfb4127d09035ff"
url = "https://github.com/mvdan/sh/releases/download/v3.11.0/shfmt_v3.11.0_linux_amd64"
url_api = "https://api.github.com/repos/mvdan/sh/releases/assets/234953235"

[tools.shfmt."platforms.linux-x64-musl"]
checksum = "sha256:1904ec6bac715c1d05cd7f6612eec8f67a625c3749cb327e5bfb4127d09035ff"
url = "https://github.com/mvdan/sh/releases/download/v3.11.0/shfmt_v3.11.0_linux_amd64"
url_api = "https://api.github.com/repos/mvdan/sh/releases/assets/234953235"

[tools.shfmt."platforms.macos-arm64"]
checksum = "sha256:af206d234dff5d05d9ac355529b2b33a7a78e13fab9b59db777746aab3e72530"
url = "https://github.com/mvdan/sh/releases/download/v3.11.0/shfmt_v3.11.0_darwin_arm64"
url_api = "https://api.github.com/repos/mvdan/sh/releases/assets/234953239"

[tools.shfmt."platforms.macos-x64"]
checksum = "sha256:810a76cb7c78351e021c8025f344b12149d8426ce51609a179af68109ed5698e"
url = "https://github.com/mvdan/sh/releases/download/v3.11.0/shfmt_v3.11.0_darwin_amd64"
url_api = "https://api.github.com/repos/mvdan/sh/releases/assets/234953237"

[tools.shfmt."platforms.windows-x64"]
checksum = "sha256:d11a0880588304496065110cb67ce2375cfcd5433e76dec505ce1fa21adf47cc"
url = "https://github.com/mvdan/sh/releases/download/v3.11.0/shfmt_v3.11.0_windows_amd64.exe"
url_api = "https://api.github.com/repos/mvdan/sh/releases/assets/234953231"

[[tools.yamlfmt]]
version = "0.16.0"
backend = "aqua:google/yamlfmt"
specifiers = ["0.16.0"]

[tools.yamlfmt."platforms.linux-arm64"]
checksum = "sha256:208b9c0c4e67472e5205d3f826205b2f20da59a180b548cff02621401355bead"
url = "https://github.com/google/yamlfmt/releases/download/v0.16.0/yamlfmt_0.16.0_Linux_arm64.tar.gz"
url_api = "https://api.github.com/repos/google/yamlfmt/releases/assets/227912098"

[tools.yamlfmt."platforms.linux-arm64-musl"]
checksum = "sha256:208b9c0c4e67472e5205d3f826205b2f20da59a180b548cff02621401355bead"
url = "https://github.com/google/yamlfmt/releases/download/v0.16.0/yamlfmt_0.16.0_Linux_arm64.tar.gz"
url_api = "https://api.github.com/repos/google/yamlfmt/releases/assets/227912098"

[tools.yamlfmt."platforms.linux-x64"]
checksum = "sha256:7819fa7c7e994d239009d30cbd58897149d7e7dd5847aedf7abd19c332298033"
url = "https://github.com/google/yamlfmt/releases/download/v0.16.0/yamlfmt_0.16.0_Linux_x86_64.tar.gz"
url_api = "https://api.github.com/repos/google/yamlfmt/releases/assets/227912095"

[tools.yamlfmt."platforms.linux-x64-musl"]
checksum = "sha256:7819fa7c7e994d239009d30cbd58897149d7e7dd5847aedf7abd19c332298033"
url = "https://github.com/google/yamlfmt/releases/download/v0.16.0/yamlfmt_0.16.0_Linux_x86_64.tar.gz"
url_api = "https://api.github.com/repos/google/yamlfmt/releases/assets/227912095"

[tools.yamlfmt."platforms.macos-arm64"]
checksum = "sha256:fcffb2efdfdd27fb5bb658a8156972fda14f0864f336c181705b98eee5f6c139"
url = "https://github.com/google/yamlfmt/releases/download/v0.16.0/yamlfmt_0.16.0_Darwin_arm64.tar.gz"
url_api = "https://api.github.com/repos/google/yamlfmt/releases/assets/227912100"

[tools.yamlfmt."platforms.macos-x64"]
checksum = "sha256:740d23864fffcf1865a9e0a221840baae6b5f40b8a20ad2d5e79c1b9de9eaec7"
url = "https://github.com/google/yamlfmt/releases/download/v0.16.0/yamlfmt_0.16.0_Darwin_x86_64.tar.gz"
url_api = "https://api.github.com/repos/google/yamlfmt/releases/assets/227912099"

[tools.yamlfmt."platforms.windows-x64"]
checksum = "sha256:dea055eb85a30d923850e46b462bb5f0e8f3ca9aee3b33b76a55f22995224e1b"
url = "https://github.com/google/yamlfmt/releases/download/v0.16.0/yamlfmt_0.16.0_Windows_x86_64.tar.gz"
url_api = "https://api.github.com/repos/google/yamlfmt/releases/assets/227912091"
